
Microsoft Visual Studio Solution File, Format Version 11.00
# Visual Basic Express 2010
Project("{F184B08F-C81C-45F6-A57F-5ABD9991F28F}") = "Count Vowels", "Count Vowels.vbproj", "{69F000F8-7F7E-48FB-818D-4E1E8EDA61F7}"
EndProject
Global
	GlobalSection(SolutionConfigurationPlatforms) = preSolution
		Debug|x86 = Debug|x86
		Release|x86 = Release|x86
	EndGlobalSection
	GlobalSection(ProjectConfigurationPlatforms) = postSolution
		{69F000F8-7F7E-48FB-818D-4E1E8EDA61F7}.Debug|x86.ActiveCfg = Debug|x86
		{69F000F8-7F7E-48FB-818D-4E1E8EDA61F7}.Debug|x86.Build.0 = Debug|x86
		{69F000F8-7F7E-48FB-818D-4E1E8EDA61F7}.Release|x86.ActiveCfg = Release|x86
		{69F000F8-7F7E-48FB-818D-4E1E8EDA61F7}.Release|x86.Build.0 = Release|x86
	EndGlobalSection
	GlobalSection(SolutionProperties) = preSolution
		HideSolutionNode = FALSE
	EndGlobalSection
EndGlobal
